
Microsoft Visual Studio Solution File, Format Version 12.00
# Visual Studio Version 16
VisualStudioVersion = 16.0.31624.102
MinimumVisualStudioVersion = 10.0.40219.1
Project("{FAE04EC0-301F-11D3-BF4B-00C04F79EFBC}") = "Processo2RP_API", "Processo2RP_API\Processo2RP_API.csproj", "{18FC4693-6424-4273-90FC-4BA431EF2895}"
EndProject
Global
	GlobalSection(SolutionConfigurationPlatforms) = preSolution
		Debug|Any CPU = Debug|Any CPU
		Release|Any CPU = Release|Any CPU
	EndGlobalSection
	GlobalSection(ProjectConfigurationPlatforms) = postSolution
		{18FC4693-6424-4273-90FC-4BA431EF2895}.Debug|Any CPU.ActiveCfg = Debug|Any CPU
		{18FC4693-6424-4273-90FC-4BA431EF2895}.Debug|Any CPU.Build.0 = Debug|Any CPU
		{18FC4693-6424-4273-90FC-4BA431EF2895}.Release|Any CPU.ActiveCfg = Release|Any CPU
		{18FC4693-6424-4273-90FC-4BA431EF2895}.Release|Any CPU.Build.0 = Release|Any CPU
	EndGlobalSection
	GlobalSection(SolutionProperties) = preSolution
		HideSolutionNode = FALSE
	EndGlobalSection
	GlobalSection(ExtensibilityGlobals) = postSolution
		SolutionGuid = {33C24773-CF2D-4BED-A5FA-C5D0A0A394B9}
	EndGlobalSection
EndGlobal
